
Microsoft Visual Studio Solution File, Format Version 12.00
# Visual Studio Version 16
VisualStudioVersion = 16.0.30104.148
MinimumVisualStudioVersion = 10.0.40219.1
Project("{FAE04EC0-301F-11D3-BF4B-00C04F79EFBC}") = "MsalAuthorizationCodeFlowApi", "MsalAuthorizationCodeFlowApi.csproj", "{5D4BF30D-9CFA-4F0F-B7D2-B9EF9E7725D9}"
EndProject
Global
	GlobalSection(SolutionConfigurationPlatforms) = preSolution
		Debug|Any CPU = Debug|Any CPU
		Release|Any CPU = Release|Any CPU
	EndGlobalSection
	GlobalSection(ProjectConfigurationPlatforms) = postSolution
		{5D4BF30D-9CFA-4F0F-B7D2-B9EF9E7725D9}.Debug|Any CPU.ActiveCfg = Debug|Any CPU
		{5D4BF30D-9CFA-4F0F-B7D2-B9EF9E7725D9}.Debug|Any CPU.Build.0 = Debug|Any CPU
		{5D4BF30D-9CFA-4F0F-B7D2-B9EF9E7725D9}.Release|Any CPU.ActiveCfg = Release|Any CPU
		{5D4BF30D-9CFA-4F0F-B7D2-B9EF9E7725D9}.Release|Any CPU.Build.0 = Release|Any CPU
	EndGlobalSection
	GlobalSection(SolutionProperties) = preSolution
		HideSolutionNode = FALSE
	EndGlobalSection
	GlobalSection(ExtensibilityGlobals) = postSolution
		SolutionGuid = {55954131-C9CF-47FB-884D-D6C44D56E929}
	EndGlobalSection
EndGlobal
